
Microsoft Visual Studio Solution File, Format Version 12.00
# Visual Studio Version 17
VisualStudioVersion = 17.0.31919.166
MinimumVisualStudioVersion = 10.0.40219.1
Project("{FAE04EC0-301F-11D3-BF4B-00C04F79EFBC}") = "Garbage", "Garbage\Garbage.csproj", "{A8DA852D-E7FB-4891-8617-A7C00006888D}"
EndProject
Global
	GlobalSection(SolutionConfigurationPlatforms) = preSolution
		Debug|Any CPU = Debug|Any CPU
		Release|Any CPU = Release|Any CPU
	EndGlobalSection
	GlobalSection(ProjectConfigurationPlatforms) = postSolution
		{A8DA852D-E7FB-4891-8617-A7C00006888D}.Debug|Any CPU.ActiveCfg = Debug|Any CPU
		{A8DA852D-E7FB-4891-8617-A7C00006888D}.Debug|Any CPU.Build.0 = Debug|Any CPU
		{A8DA852D-E7FB-4891-8617-A7C00006888D}.Release|Any CPU.ActiveCfg = Release|Any CPU
		{A8DA852D-E7FB-4891-8617-A7C00006888D}.Release|Any CPU.Build.0 = Release|Any CPU
	EndGlobalSection
	GlobalSection(SolutionProperties) = preSolution
		HideSolutionNode = FALSE
	EndGlobalSection
	GlobalSection(ExtensibilityGlobals) = postSolution
		SolutionGuid = {5ABCF48E-9534-4D92-88B7-83D6D280998A}
	EndGlobalSection
EndGlobal
